// !$*UTF8*$!
{
	archiveVersion = 1;
	classes = {
	};
	objectVersion = 56;
	objects = {

/* Begin PBXBuildFile section */
		4A463FF42BF81FC600A969E2 /* SingleImageViewController.swift in Sources */ = {isa = PBXBuildFile; fileRef = 4A463FF32BF81FC600A969E2 /* SingleImageViewController.swift */; };
		4A4C00C12C112BE500BE6502 /* AuthViewController.swift in Sources */ = {isa = PBXBuildFile; fileRef = 4A4C00C02C112BE500BE6502 /* AuthViewController.swift */; };
		4A4C00C32C11DB8200BE6502 /* WebViewViewController.swift in Sources */ = {isa = PBXBuildFile; fileRef = 4A4C00C22C11DB8200BE6502 /* WebViewViewController.swift */; };
		4A67AEA42C0D182900DB0310 /* Constants.swift in Sources */ = {isa = PBXBuildFile; fileRef = 4A67AEA32C0D182900DB0310 /* Constants.swift */; };
		4A694F1F2BF7E523007A9A2D /* ProfileViewController.swift in Sources */ = {isa = PBXBuildFile; fileRef = 4A694F1E2BF7E523007A9A2D /* ProfileViewController.swift */; };
		4A80C6FB2C1A6ABB006968DE /* OAuth2Service.swift in Sources */ = {isa = PBXBuildFile; fileRef = 4A80C6FA2C1A6ABB006968DE /* OAuth2Service.swift */; };
		4A80C6FE2C1A869A006968DE /* NetworkManager.swift in Sources */ = {isa = PBXBuildFile; fileRef = 4A80C6FD2C1A869A006968DE /* NetworkManager.swift */; };
		4A80C7002C1A8821006968DE /* OAuthTokenResponseBody.swift in Sources */ = {isa = PBXBuildFile; fileRef = 4A80C6FF2C1A8821006968DE /* OAuthTokenResponseBody.swift */; };
		4A80C7042C1A8F1D006968DE /* OAuth2TokenStorage.swift in Sources */ = {isa = PBXBuildFile; fileRef = 4A80C7032C1A8F1D006968DE /* OAuth2TokenStorage.swift */; };
		4A8249C52BE689CA0058FACF /* AppDelegate.swift in Sources */ = {isa = PBXBuildFile; fileRef = 4A8249C42BE689CA0058FACF /* AppDelegate.swift */; };
		4A8249C72BE689CA0058FACF /* SceneDelegate.swift in Sources */ = {isa = PBXBuildFile; fileRef = 4A8249C62BE689CA0058FACF /* SceneDelegate.swift */; };
		4A8249C92BE689CA0058FACF /* ImageListViewController.swift in Sources */ = {isa = PBXBuildFile; fileRef = 4A8249C82BE689CA0058FACF /* ImageListViewController.swift */; };
		4A8249CC2BE689CA0058FACF /* Base in Resources */ = {isa = PBXBuildFile; fileRef = 4A8249CB2BE689CA0058FACF /* Base */; };
		4A8249CE2BE689CB0058FACF /* Assets.xcassets in Resources */ = {isa = PBXBuildFile; fileRef = 4A8249CD2BE689CB0058FACF /* Assets.xcassets */; };
		4A8249D12BE689CB0058FACF /* Base in Resources */ = {isa = PBXBuildFile; fileRef = 4A8249D02BE689CB0058FACF /* Base */; };
		4AAD87CE2C1B6B3E004AB278 /* SplashViewController.swift in Sources */ = {isa = PBXBuildFile; fileRef = 4AAD87CD2C1B6B3E004AB278 /* SplashViewController.swift */; };
		4AB0ED8A2BE7CA2D00706CCC /* ImageListViewCell.swift in Sources */ = {isa = PBXBuildFile; fileRef = 4AB0ED892BE7CA2D00706CCC /* ImageListViewCell.swift */; };
		4AD0CED22C24A6510082FE20 /* ProgressHUD in Frameworks */ = {isa = PBXBuildFile; productRef = 4AD0CED12C24A6510082FE20 /* ProgressHUD */; };
		4AD0CED62C2713CC0082FE20 /* ProfileResult.swift in Sources */ = {isa = PBXBuildFile; fileRef = 4AD0CED52C2713CC0082FE20 /* ProfileResult.swift */; };
		4AD0CED92C27276F0082FE20 /* Kingfisher in Frameworks */ = {isa = PBXBuildFile; productRef = 4AD0CED82C27276F0082FE20 /* Kingfisher */; };
		4AD0CEDB2C272AB90082FE20 /* ProfileModels.swift in Sources */ = {isa = PBXBuildFile; fileRef = 4AD0CEDA2C272AB90082FE20 /* ProfileModels.swift */; };
/* End PBXBuildFile section */

/* Begin PBXFileReference section */
		4A463FF32BF81FC600A969E2 /* SingleImageViewController.swift */ = {isa = PBXFileReference; lastKnownFileType = sourcecode.swift; path = SingleImageViewController.swift; sourceTree = "<group>"; };
		4A4C00C02C112BE500BE6502 /* AuthViewController.swift */ = {isa = PBXFileReference; lastKnownFileType = sourcecode.swift; path = AuthViewController.swift; sourceTree = "<group>"; };
		4A4C00C22C11DB8200BE6502 /* WebViewViewController.swift */ = {isa = PBXFileReference; lastKnownFileType = sourcecode.swift; path = WebViewViewController.swift; sourceTree = "<group>"; };
		4A67AEA32C0D182900DB0310 /* Constants.swift */ = {isa = PBXFileReference; lastKnownFileType = sourcecode.swift; path = Constants.swift; sourceTree = "<group>"; };
		4A694F1E2BF7E523007A9A2D /* ProfileViewController.swift */ = {isa = PBXFileReference; lastKnownFileType = sourcecode.swift; path = ProfileViewController.swift; sourceTree = "<group>"; };
		4A80C6FA2C1A6ABB006968DE /* OAuth2Service.swift */ = {isa = PBXFileReference; lastKnownFileType = sourcecode.swift; path = OAuth2Service.swift; sourceTree = "<group>"; };
		4A80C6FD2C1A869A006968DE /* NetworkManager.swift */ = {isa = PBXFileReference; lastKnownFileType = sourcecode.swift; path = NetworkManager.swift; sourceTree = "<group>"; };
		4A80C6FF2C1A8821006968DE /* OAuthTokenResponseBody.swift */ = {isa = PBXFileReference; lastKnownFileType = sourcecode.swift; path = OAuthTokenResponseBody.swift; sourceTree = "<group>"; };
		4A80C7032C1A8F1D006968DE /* OAuth2TokenStorage.swift */ = {isa = PBXFileReference; lastKnownFileType = sourcecode.swift; path = OAuth2TokenStorage.swift; sourceTree = "<group>"; };
		4A8249C12BE689CA0058FACF /* ImageFeed.app */ = {isa = PBXFileReference; explicitFileType = wrapper.application; includeInIndex = 0; path = ImageFeed.app; sourceTree = BUILT_PRODUCTS_DIR; };
		4A8249C42BE689CA0058FACF /* AppDelegate.swift */ = {isa = PBXFileReference; lastKnownFileType = sourcecode.swift; path = AppDelegate.swift; sourceTree = "<group>"; };
		4A8249C62BE689CA0058FACF /* SceneDelegate.swift */ = {isa = PBXFileReference; lastKnownFileType = sourcecode.swift; path = SceneDelegate.swift; sourceTree = "<group>"; };
		4A8249C82BE689CA0058FACF /* ImageListViewController.swift */ = {isa = PBXFileReference; lastKnownFileType = sourcecode.swift; path = ImageListViewController.swift; sourceTree = "<group>"; };
		4A8249CB2BE689CA0058FACF /* Base */ = {isa = PBXFileReference; lastKnownFileType = file.storyboard; name = Base; path = Base.lproj/Main.storyboard; sourceTree = "<group>"; };
		4A8249CD2BE689CB0058FACF /* Assets.xcassets */ = {isa = PBXFileReference; lastKnownFileType = folder.assetcatalog; path = Assets.xcassets; sourceTree = "<group>"; };
		4A8249D02BE689CB0058FACF /* Base */ = {isa = PBXFileReference; lastKnownFileType = file.storyboard; name = Base; path = Base.lproj/LaunchScreen.storyboard; sourceTree = "<group>"; };
		4A8249D22BE689CB0058FACF /* Info.plist */ = {isa = PBXFileReference; lastKnownFileType = text.plist.xml; path = Info.plist; sourceTree = "<group>"; };
		4AAD87CD2C1B6B3E004AB278 /* SplashViewController.swift */ = {isa = PBXFileReference; lastKnownFileType = sourcecode.swift; path = SplashViewController.swift; sourceTree = "<group>"; };
		4AB0ED892BE7CA2D00706CCC /* ImageListViewCell.swift */ = {isa = PBXFileReference; lastKnownFileType = sourcecode.swift; path = ImageListViewCell.swift; sourceTree = "<group>"; };
		4AD0CED52C2713CC0082FE20 /* ProfileResult.swift */ = {isa = PBXFileReference; lastKnownFileType = sourcecode.swift; path = ProfileResult.swift; sourceTree = "<group>"; };
		4AD0CEDA2C272AB90082FE20 /* ProfileModels.swift */ = {isa = PBXFileReference; lastKnownFileType = sourcecode.swift; path = ProfileModels.swift; sourceTree = "<group>"; };
/* End PBXFileReference section */

/* Begin PBXFrameworksBuildPhase section */
		4A8249BE2BE689CA0058FACF /* Frameworks */ = {
			isa = PBXFrameworksBuildPhase;
			buildActionMask = 2147483647;
			files = (
				4AD0CED92C27276F0082FE20 /* Kingfisher in Frameworks */,
				4AD0CED22C24A6510082FE20 /* ProgressHUD in Frameworks */,
			);
			runOnlyForDeploymentPostprocessing = 0;
		};
/* End PBXFrameworksBuildPhase section */

/* Begin PBXGroup section */
		4A463FF52BF81FDB00A969E2 /* ImageFeed */ = {
			isa = PBXGroup;
			children = (
				4A8249C62BE689CA0058FACF /* SceneDelegate.swift */,
				4A8249C42BE689CA0058FACF /* AppDelegate.swift */,
			);
			path = ImageFeed;
			sourceTree = "<group>";
		};
		4A463FF62BF81FEF00A969E2 /* Profile */ = {
			isa = PBXGroup;
			children = (
				4AD0CED32C27138F0082FE20 /* Models */,
				4AD0CED52C2713CC0082FE20 /* ProfileResult.swift */,
				4A694F1E2BF7E523007A9A2D /* ProfileViewController.swift */,
			);
			path = Profile;
			sourceTree = "<group>";
		};
		4A463FF72BF81FF900A969E2 /* SingleImage */ = {
			isa = PBXGroup;
			children = (
				4A463FF32BF81FC600A969E2 /* SingleImageViewController.swift */,
			);
			path = SingleImage;
			sourceTree = "<group>";
		};
		4A4C00BD2C112B0700BE6502 /* Authentification */ = {
			isa = PBXGroup;
			children = (
				4AAD87CA2C1B5BEE004AB278 /* OAuth2 */,
				4A4C00C02C112BE500BE6502 /* AuthViewController.swift */,
				4A4C00C22C11DB8200BE6502 /* WebViewViewController.swift */,
			);
			path = Authentification;
			sourceTree = "<group>";
		};
		4A80C6FC2C1A8681006968DE /* Networking */ = {
			isa = PBXGroup;
			children = (
				4A67AEA32C0D182900DB0310 /* Constants.swift */,
				4A80C6FD2C1A869A006968DE /* NetworkManager.swift */,
			);
			path = Networking;
			sourceTree = "<group>";
		};
		4A8249B82BE689CA0058FACF = {
			isa = PBXGroup;
			children = (
				4A8249C32BE689CA0058FACF /* ImageFeed */,
				4A8249C22BE689CA0058FACF /* Products */,
			);
			sourceTree = "<group>";
		};
		4A8249C22BE689CA0058FACF /* Products */ = {
			isa = PBXGroup;
			children = (
				4A8249C12BE689CA0058FACF /* ImageFeed.app */,
			);
			name = Products;
			sourceTree = "<group>";
		};
		4A8249C32BE689CA0058FACF /* ImageFeed */ = {
			isa = PBXGroup;
			children = (
				4AAD87CB2C1B6B1F004AB278 /* SplashView */,
				4A80C6FC2C1A8681006968DE /* Networking */,
				4A4C00BD2C112B0700BE6502 /* Authentification */,
				4AB0ED8B2BE7CA3400706CCC /* ImageList */,
				4A463FF72BF81FF900A969E2 /* SingleImage */,
				4A463FF62BF81FEF00A969E2 /* Profile */,
				4A463FF52BF81FDB00A969E2 /* ImageFeed */,
				4A8249CA2BE689CA0058FACF /* Main.storyboard */,
				4A8249CD2BE689CB0058FACF /* Assets.xcassets */,
				4A8249CF2BE689CB0058FACF /* LaunchScreen.storyboard */,
				4A8249D22BE689CB0058FACF /* Info.plist */,
			);
			path = ImageFeed;
			sourceTree = "<group>";
		};
		4AAD87CA2C1B5BEE004AB278 /* OAuth2 */ = {
			isa = PBXGroup;
			children = (
				4A80C6FA2C1A6ABB006968DE /* OAuth2Service.swift */,
				4A80C6FF2C1A8821006968DE /* OAuthTokenResponseBody.swift */,
				4A80C7032C1A8F1D006968DE /* OAuth2TokenStorage.swift */,
			);
			path = OAuth2;
			sourceTree = "<group>";
		};
		4AAD87CB2C1B6B1F004AB278 /* SplashView */ = {
			isa = PBXGroup;
			children = (
				4AAD87CD2C1B6B3E004AB278 /* SplashViewController.swift */,
			);
			path = SplashView;
			sourceTree = "<group>";
		};
		4AB0ED8B2BE7CA3400706CCC /* ImageList */ = {
			isa = PBXGroup;
			children = (
				4A8249C82BE689CA0058FACF /* ImageListViewController.swift */,
				4AB0ED892BE7CA2D00706CCC /* ImageListViewCell.swift */,
			);
			path = ImageList;
			sourceTree = "<group>";
		};
		4AD0CED32C27138F0082FE20 /* Models */ = {
			isa = PBXGroup;
			children = (
				4AD0CEDA2C272AB90082FE20 /* ProfileModels.swift */,
			);
			path = Models;
			sourceTree = "<group>";
		};
/* End PBXGroup section */

/* Begin PBXNativeTarget section */
		4A8249C02BE689CA0058FACF /* ImageFeed */ = {
			isa = PBXNativeTarget;
			buildConfigurationList = 4A8249D52BE689CB0058FACF /* Build configuration list for PBXNativeTarget "ImageFeed" */;
			buildPhases = (
				4A8249BD2BE689CA0058FACF /* Sources */,
				4A8249BE2BE689CA0058FACF /* Frameworks */,
				4A8249BF2BE689CA0058FACF /* Resources */,
			);
			buildRules = (
			);
			dependencies = (
			);
			name = ImageFeed;
			packageProductDependencies = (
				4AD0CED12C24A6510082FE20 /* ProgressHUD */,
				4AD0CED82C27276F0082FE20 /* Kingfisher */,
			);
			productName = ImageFeed;
			productReference = 4A8249C12BE689CA0058FACF /* ImageFeed.app */;
			productType = "com.apple.product-type.application";
		};
/* End PBXNativeTarget section */

/* Begin PBXProject section */
		4A8249B92BE689CA0058FACF /* Project object */ = {
			isa = PBXProject;
			attributes = {
				BuildIndependentTargetsInParallel = 1;
				LastSwiftUpdateCheck = 1530;
				LastUpgradeCheck = 1530;
				TargetAttributes = {
					4A8249C02BE689CA0058FACF = {
						CreatedOnToolsVersion = 15.3;
					};
				};
			};
			buildConfigurationList = 4A8249BC2BE689CA0058FACF /* Build configuration list for PBXProject "ImageFeed" */;
			compatibilityVersion = "Xcode 14.0";
			developmentRegion = en;
			hasScannedForEncodings = 0;
			knownRegions = (
				en,
				Base,
			);
			mainGroup = 4A8249B82BE689CA0058FACF;
			packageReferences = (
				4AD0CED02C24A6510082FE20 /* XCRemoteSwiftPackageReference "ProgressHUD" */,
				4AD0CED72C27276F0082FE20 /* XCRemoteSwiftPackageReference "Kingfisher" */,
			);
			productRefGroup = 4A8249C22BE689CA0058FACF /* Products */;
			projectDirPath = "";
			projectRoot = "";
			targets = (
				4A8249C02BE689CA0058FACF /* ImageFeed */,
			);
		};
/* End PBXProject section */

/* Begin PBXResourcesBuildPhase section */
		4A8249BF2BE689CA0058FACF /* Resources */ = {
			isa = PBXResourcesBuildPhase;
			buildActionMask = 2147483647;
			files = (
				4A8249CE2BE689CB0058FACF /* Assets.xcassets in Resources */,
				4A8249D12BE689CB0058FACF /* Base in Resources */,
				4A8249CC2BE689CA0058FACF /* Base in Resources */,
			);
			runOnlyForDeploymentPostprocessing = 0;
		};
/* End PBXResourcesBuildPhase section */

/* Begin PBXSourcesBuildPhase section */
		4A8249BD2BE689CA0058FACF /* Sources */ = {
			isa = PBXSourcesBuildPhase;
			buildActionMask = 2147483647;
			files = (
				4AB0ED8A2BE7CA2D00706CCC /* ImageListViewCell.swift in Sources */,
				4A8249C92BE689CA0058FACF /* ImageListViewController.swift in Sources */,
				4A80C7002C1A8821006968DE /* OAuthTokenResponseBody.swift in Sources */,
				4AD0CEDB2C272AB90082FE20 /* ProfileModels.swift in Sources */,
				4A694F1F2BF7E523007A9A2D /* ProfileViewController.swift in Sources */,
				4A8249C52BE689CA0058FACF /* AppDelegate.swift in Sources */,
				4AAD87CE2C1B6B3E004AB278 /* SplashViewController.swift in Sources */,
				4A80C7042C1A8F1D006968DE /* OAuth2TokenStorage.swift in Sources */,
				4A80C6FE2C1A869A006968DE /* NetworkManager.swift in Sources */,
				4A4C00C12C112BE500BE6502 /* AuthViewController.swift in Sources */,
				4A67AEA42C0D182900DB0310 /* Constants.swift in Sources */,
				4A463FF42BF81FC600A969E2 /* SingleImageViewController.swift in Sources */,
				4A4C00C32C11DB8200BE6502 /* WebViewViewController.swift in Sources */,
				4A80C6FB2C1A6ABB006968DE /* OAuth2Service.swift in Sources */,
				4AD0CED62C2713CC0082FE20 /* ProfileResult.swift in Sources */,
				4A8249C72BE689CA0058FACF /* SceneDelegate.swift in Sources */,
			);
			runOnlyForDeploymentPostprocessing = 0;
		};
/* End PBXSourcesBuildPhase section */

/* Begin PBXVariantGroup section */
		4A8249CA2BE689CA0058FACF /* Main.storyboard */ = {
			isa = PBXVariantGroup;
			children = (
				4A8249CB2BE689CA0058FACF /* Base */,
			);
			name = Main.storyboard;
			sourceTree = "<group>";
		};
		4A8249CF2BE689CB0058FACF /* LaunchScreen.storyboard */ = {
			isa = PBXVariantGroup;
			children = (
				4A8249D02BE689CB0058FACF /* Base */,
			);
			name = LaunchScreen.storyboard;
			sourceTree = "<group>";
		};
/* End PBXVariantGroup section */

/* Begin XCBuildConfiguration section */
		4A8249D32BE689CB0058FACF /* Debug */ = {
			isa = XCBuildConfiguration;
			buildSettings = {
				ALWAYS_SEARCH_USER_PATHS = NO;
				ASSETCATALOG_COMPILER_GENERATE_SWIFT_ASSET_SYMBOL_EXTENSIONS = YES;
				CLANG_ANALYZER_NONNULL = YES;
				CLANG_ANALYZER_NUMBER_OBJECT_CONVERSION = YES_AGGRESSIVE;
				CLANG_CXX_LANGUAGE_STANDARD = "gnu++20";
				CLANG_ENABLE_MODULES = YES;
				CLANG_ENABLE_OBJC_ARC = YES;
				CLANG_ENABLE_OBJC_WEAK = YES;
				CLANG_WARN_BLOCK_CAPTURE_AUTORELEASING = YES;
				CLANG_WARN_BOOL_CONVERSION = YES;
				CLANG_WARN_COMMA = YES;
				CLANG_WARN_CONSTANT_CONVERSION = YES;
				CLANG_WARN_DEPRECATED_OBJC_IMPLEMENTATIONS = YES;
				CLANG_WARN_DIRECT_OBJC_ISA_USAGE = YES_ERROR;
				CLANG_WARN_DOCUMENTATION_COMMENTS = YES;
				CLANG_WARN_EMPTY_BODY = YES;
				CLANG_WARN_ENUM_CONVERSION = YES;
				CLANG_WARN_INFINITE_RECURSION = YES;
				CLANG_WARN_INT_CONVERSION = YES;
				CLANG_WARN_NON_LITERAL_NULL_CONVERSION = YES;
				CLANG_WARN_OBJC_IMPLICIT_RETAIN_SELF = YES;
				CLANG_WARN_OBJC_LITERAL_CONVERSION = YES;
				CLANG_WARN_OBJC_ROOT_CLASS = YES_ERROR;
				CLANG_WARN_QUOTED_INCLUDE_IN_FRAMEWORK_HEADER = YES;
				CLANG_WARN_RANGE_LOOP_ANALYSIS = YES;
				CLANG_WARN_STRICT_PROTOTYPES = YES;
				CLANG_WARN_SUSPICIOUS_MOVE = YES;
				CLANG_WARN_UNGUARDED_AVAILABILITY = YES_AGGRESSIVE;
				CLANG_WARN_UNREACHABLE_CODE = YES;
				CLANG_WARN__DUPLICATE_METHOD_MATCH = YES;
				COPY_PHASE_STRIP = NO;
				DEBUG_INFORMATION_FORMAT = dwarf;
				ENABLE_STRICT_OBJC_MSGSEND = YES;
				ENABLE_TESTABILITY = YES;
				ENABLE_USER_SCRIPT_SANDBOXING = YES;
				GCC_C_LANGUAGE_STANDARD = gnu17;
				GCC_DYNAMIC_NO_PIC = NO;
				GCC_NO_COMMON_BLOCKS = YES;
				GCC_OPTIMIZATION_LEVEL = 0;
				GCC_PREPROCESSOR_DEFINITIONS = (
					"DEBUG=1",
					"$(inherited)",
				);
				GCC_WARN_64_TO_32_BIT_CONVERSION = YES;
				GCC_WARN_ABOUT_RETURN_TYPE = YES_ERROR;
				GCC_WARN_UNDECLARED_SELECTOR = YES;
				GCC_WARN_UNINITIALIZED_AUTOS = YES_AGGRESSIVE;
				GCC_WARN_UNUSED_FUNCTION = YES;
				GCC_WARN_UNUSED_VARIABLE = YES;
				IPHONEOS_DEPLOYMENT_TARGET = 17.4;
				LOCALIZATION_PREFERS_STRING_CATALOGS = YES;
				MTL_ENABLE_DEBUG_INFO = INCLUDE_SOURCE;
				MTL_FAST_MATH = YES;
				ONLY_ACTIVE_ARCH = YES;
				SDKROOT = iphoneos;
				SWIFT_ACTIVE_COMPILATION_CONDITIONS = "DEBUG $(inherited)";
				SWIFT_OPTIMIZATION_LEVEL = "-Onone";
			};
			name = Debug;
		};
		4A8249D42BE689CB0058FACF /* Release */ = {
			isa = XCBuildConfiguration;
			buildSettings = {
				ALWAYS_SEARCH_USER_PATHS = NO;
				ASSETCATALOG_COMPILER_GENERATE_SWIFT_ASSET_SYMBOL_EXTENSIONS = YES;
				CLANG_ANALYZER_NONNULL = YES;
				CLANG_ANALYZER_NUMBER_OBJECT_CONVERSION = YES_AGGRESSIVE;
				CLANG_CXX_LANGUAGE_STANDARD = "gnu++20";
				CLANG_ENABLE_MODULES = YES;
				CLANG_ENABLE_OBJC_ARC = YES;
				CLANG_ENABLE_OBJC_WEAK = YES;
				CLANG_WARN_BLOCK_CAPTURE_AUTORELEASING = YES;
				CLANG_WARN_BOOL_CONVERSION = YES;
				CLANG_WARN_COMMA = YES;
				CLANG_WARN_CONSTANT_CONVERSION = YES;
				CLANG_WARN_DEPRECATED_OBJC_IMPLEMENTATIONS = YES;
				CLANG_WARN_DIRECT_OBJC_ISA_USAGE = YES_ERROR;
				CLANG_WARN_DOCUMENTATION_COMMENTS = YES;
				CLANG_WARN_EMPTY_BODY = YES;
				CLANG_WARN_ENUM_CONVERSION = YES;
				CLANG_WARN_INFINITE_RECURSION = YES;
				CLANG_WARN_INT_CONVERSION = YES;
				CLANG_WARN_NON_LITERAL_NULL_CONVERSION = YES;
				CLANG_WARN_OBJC_IMPLICIT_RETAIN_SELF = YES;
				CLANG_WARN_OBJC_LITERAL_CONVERSION = YES;
				CLANG_WARN_OBJC_ROOT_CLASS = YES_ERROR;
				CLANG_WARN_QUOTED_INCLUDE_IN_FRAMEWORK_HEADER = YES;
				CLANG_WARN_RANGE_LOOP_ANALYSIS = YES;
				CLANG_WARN_STRICT_PROTOTYPES = YES;
				CLANG_WARN_SUSPICIOUS_MOVE = YES;
				CLANG_WARN_UNGUARDED_AVAILABILITY = YES_AGGRESSIVE;
				CLANG_WARN_UNREACHABLE_CODE = YES;
				CLANG_WARN__DUPLICATE_METHOD_MATCH = YES;
				COPY_PHASE_STRIP = NO;
				DEBUG_INFORMATION_FORMAT = "dwarf-with-dsym";
				ENABLE_NS_ASSERTIONS = NO;
				ENABLE_STRICT_OBJC_MSGSEND = YES;
				ENABLE_USER_SCRIPT_SANDBOXING = YES;
				GCC_C_LANGUAGE_STANDARD = gnu17;
				GCC_NO_COMMON_BLOCKS = YES;
				GCC_WARN_64_TO_32_BIT_CONVERSION = YES;
				GCC_WARN_ABOUT_RETURN_TYPE = YES_ERROR;
				GCC_WARN_UNDECLARED_SELECTOR = YES;
				GCC_WARN_UNINITIALIZED_AUTOS = YES_AGGRESSIVE;
				GCC_WARN_UNUSED_FUNCTION = YES;
				GCC_WARN_UNUSED_VARIABLE = YES;
				IPHONEOS_DEPLOYMENT_TARGET = 17.4;
				LOCALIZATION_PREFERS_STRING_CATALOGS = YES;
				MTL_ENABLE_DEBUG_INFO = NO;
				MTL_FAST_MATH = YES;
				SDKROOT = iphoneos;
				SWIFT_COMPILATION_MODE = wholemodule;
				VALIDATE_PRODUCT = YES;
			};
			name = Release;
		};
		4A8249D62BE689CB0058FACF /* Debug */ = {
			isa = XCBuildConfiguration;
			buildSettings = {
				ASSETCATALOG_COMPILER_APPICON_NAME = AppIcon;
				ASSETCATALOG_COMPILER_GLOBAL_ACCENT_COLOR_NAME = AccentColor;
				CODE_SIGN_STYLE = Automatic;
				CURRENT_PROJECT_VERSION = 1;
				DEVELOPMENT_TEAM = 74D96NQR74;
				GENERATE_INFOPLIST_FILE = YES;
				INFOPLIST_FILE = ImageFeed/Info.plist;
				INFOPLIST_KEY_UIApplicationSupportsIndirectInputEvents = YES;
				INFOPLIST_KEY_UILaunchStoryboardName = LaunchScreen;
				INFOPLIST_KEY_UIMainStoryboardFile = Main;
				INFOPLIST_KEY_UISupportedInterfaceOrientations = UIInterfaceOrientationPortrait;
				INFOPLIST_KEY_UISupportedInterfaceOrientations_iPad = "UIInterfaceOrientationLandscapeLeft UIInterfaceOrientationLandscapeRight UIInterfaceOrientationPortrait UIInterfaceOrientationPortraitUpsideDown";
				IPHONEOS_DEPLOYMENT_TARGET = 13.0;
				LD_RUNPATH_SEARCH_PATHS = (
					"$(inherited)",
					"@executable_path/Frameworks",
				);
				MARKETING_VERSION = 1.0;
				PRODUCT_BUNDLE_IDENTIFIER = com.nikitatsp.ImageFeed;
				PRODUCT_NAME = "$(TARGET_NAME)";
				SUPPORTED_PLATFORMS = "iphoneos iphonesimulator";
				SUPPORTS_MACCATALYST = NO;
				SUPPORTS_MAC_DESIGNED_FOR_IPHONE_IPAD = NO;
				SUPPORTS_XR_DESIGNED_FOR_IPHONE_IPAD = NO;
				SWIFT_EMIT_LOC_STRINGS = YES;
				SWIFT_VERSION = 5.0;
				TARGETED_DEVICE_FAMILY = 1;
			};
			name = Debug;
		};
		4A8249D72BE689CB0058FACF /* Release */ = {
			isa = XCBuildConfiguration;
			buildSettings = {
				ASSETCATALOG_COMPILER_APPICON_NAME = AppIcon;
				ASSETCATALOG_COMPILER_GLOBAL_ACCENT_COLOR_NAME = AccentColor;
				CODE_SIGN_STYLE = Automatic;
				CURRENT_PROJECT_VERSION = 1;
				DEVELOPMENT_TEAM = 74D96NQR74;
				GENERATE_INFOPLIST_FILE = YES;
				INFOPLIST_FILE = ImageFeed/Info.plist;
				INFOPLIST_KEY_UIApplicationSupportsIndirectInputEvents = YES;
				INFOPLIST_KEY_UILaunchStoryboardName = LaunchScreen;
				INFOPLIST_KEY_UIMainStoryboardFile = Main;
				INFOPLIST_KEY_UISupportedInterfaceOrientations = UIInterfaceOrientationPortrait;
				INFOPLIST_KEY_UISupportedInterfaceOrientations_iPad = "UIInterfaceOrientationLandscapeLeft UIInterfaceOrientationLandscapeRight UIInterfaceOrientationPortrait UIInterfaceOrientationPortraitUpsideDown";
				IPHONEOS_DEPLOYMENT_TARGET = 13.0;
				LD_RUNPATH_SEARCH_PATHS = (
					"$(inherited)",
					"@executable_path/Frameworks",
				);
				MARKETING_VERSION = 1.0;
				PRODUCT_BUNDLE_IDENTIFIER = com.nikitatsp.ImageFeed;
				PRODUCT_NAME = "$(TARGET_NAME)";
				SUPPORTED_PLATFORMS = "iphoneos iphonesimulator";
				SUPPORTS_MACCATALYST = NO;
				SUPPORTS_MAC_DESIGNED_FOR_IPHONE_IPAD = NO;
				SUPPORTS_XR_DESIGNED_FOR_IPHONE_IPAD = NO;
				SWIFT_EMIT_LOC_STRINGS = YES;
				SWIFT_VERSION = 5.0;
				TARGETED_DEVICE_FAMILY = 1;
			};
			name = Release;
		};
/* End XCBuildConfiguration section */

/* Begin XCConfigurationList section */
		4A8249BC2BE689CA0058FACF /* Build configuration list for PBXProject "ImageFeed" */ = {
			isa = XCConfigurationList;
			buildConfigurations = (
				4A8249D32BE689CB0058FACF /* Debug */,
				4A8249D42BE689CB0058FACF /* Release */,
			);
			defaultConfigurationIsVisible = 0;
			defaultConfigurationName = Release;
		};
		4A8249D52BE689CB0058FACF /* Build configuration list for PBXNativeTarget "ImageFeed" */ = {
			isa = XCConfigurationList;
			buildConfigurations = (
				4A8249D62BE689CB0058FACF /* Debug */,
				4A8249D72BE689CB0058FACF /* Release */,
			);
			defaultConfigurationIsVisible = 0;
			defaultConfigurationName = Release;
		};
/* End XCConfigurationList section */

/* Begin XCRemoteSwiftPackageReference section */
		4AD0CED02C24A6510082FE20 /* XCRemoteSwiftPackageReference "ProgressHUD" */ = {
			isa = XCRemoteSwiftPackageReference;
			repositoryURL = "https://github.com/relatedcode/ProgressHUD";
			requirement = {
				kind = upToNextMajorVersion;
				minimumVersion = 14.1.3;
			};
		};
		4AD0CED72C27276F0082FE20 /* XCRemoteSwiftPackageReference "Kingfisher" */ = {
			isa = XCRemoteSwiftPackageReference;
			repositoryURL = "https://github.com/onevcat/Kingfisher";
			requirement = {
				kind = upToNextMajorVersion;
				minimumVersion = 7.12.0;
			};
		};
/* End XCRemoteSwiftPackageReference section */

/* Begin XCSwiftPackageProductDependency section */
		4AD0CED12C24A6510082FE20 /* ProgressHUD */ = {
			isa = XCSwiftPackageProductDependency;
			package = 4AD0CED02C24A6510082FE20 /* XCRemoteSwiftPackageReference "ProgressHUD" */;
			productName = ProgressHUD;
		};
		4AD0CED82C27276F0082FE20 /* Kingfisher */ = {
			isa = XCSwiftPackageProductDependency;
			package = 4AD0CED72C27276F0082FE20 /* XCRemoteSwiftPackageReference "Kingfisher" */;
			productName = Kingfisher;
		};
/* End XCSwiftPackageProductDependency section */
	};
	rootObject = 4A8249B92BE689CA0058FACF /* Project object */;
}
